
Microsoft Visual Studio Solution File, Format Version 12.00
# Visual Studio 15
VisualStudioVersion = 15.0.28010.2003
MinimumVisualStudioVersion = 10.0.40219.1
Project("{8BC9CEB8-8B4A-11D0-8D11-00A0C91BC942}") = "Fatal-Fury-Chronicles", "Fatal-Fury-Chronicles.vcxproj", "{AEF9AA24-5DDA-4A42-B31D-256994BCA8BE}"
EndProject
Global
	GlobalSection(SolutionConfigurationPlatforms) = preSolution
		Debug|x64 = Debug|x64
		Debug|x86 = Debug|x86
		Release|x64 = Release|x64
		Release|x86 = Release|x86
	EndGlobalSection
	GlobalSection(ProjectConfigurationPlatforms) = postSolution
		{AEF9AA24-5DDA-4A42-B31D-256994BCA8BE}.Debug|x64.ActiveCfg = Debug|x64
		{AEF9AA24-5DDA-4A42-B31D-256994BCA8BE}.Debug|x64.Build.0 = Debug|x64
		{AEF9AA24-5DDA-4A42-B31D-256994BCA8BE}.Debug|x86.ActiveCfg = Debug|Win32
		{AEF9AA24-5DDA-4A42-B31D-256994BCA8BE}.Debug|x86.Build.0 = Debug|Win32
		{AEF9AA24-5DDA-4A42-B31D-256994BCA8BE}.Release|x64.ActiveCfg = Release|x64
		{AEF9AA24-5DDA-4A42-B31D-256994BCA8BE}.Release|x64.Build.0 = Release|x64
		{AEF9AA24-5DDA-4A42-B31D-256994BCA8BE}.Release|x86.ActiveCfg = Release|Win32
		{AEF9AA24-5DDA-4A42-B31D-256994BCA8BE}.Release|x86.Build.0 = Release|Win32
	EndGlobalSection
	GlobalSection(SolutionProperties) = preSolution
		HideSolutionNode = FALSE
	EndGlobalSection
	GlobalSection(ExtensibilityGlobals) = postSolution
		SolutionGuid = {2905FE07-98F8-4D10-8C75-2ABE812117E3}
	EndGlobalSection
EndGlobal
